github.com/davecgh/go-spew v1.1.0/go.mod h1:J7Y8YcW2NihsgmVo/mv3lAwl/skON4iLHjSsI+c5H38=
github.com/davecgh/go-spew v1.1.1 h1:vj9j/u1bqnvCEfJOwUhtlOARqs3+rkHYY13jYWTU97c=
github.com/davecgh/go-spew v1.1.1/go.mod h1:J7Y8YcW2NihsgmVo/mv3lAwl/skON4iLHjSsI+c5H38=
github.com/gosimple/slug v1.4.2 h1:jDmprx3q/9Lfk4FkGZtvzDQ9Cj9eAmsjzeQGp24PeiQ=
github.com/gosimple/slug v1.4.2/go.mod h1:ER78kgg1Mv0NQGlXiDe57DpCyfbNywXXZ9mIorhxAf0=
github.com/h2non/filetype v1.0.8 h1:le8gpf+FQA0/DlDABbtisA1KiTS0Xi+YSC/E8yY3Y14=
github.com/h2non/filetype v1.0.8/go.mod h1:isekKqOuhMj+s/7r3rIeTErIRy4Rub5uBWHfvMusLMU=
github.com/hashicorp/errwrap v1.0.0 h1:hLrqtEDnRye3+sgx6z4qVLNuviH3MR5aQ0ykNJa/UYA=
github.com/hashicorp/errwrap v1.0.0/go.mod h1:YH+1FKiLXxHSkmPseP+kNlulaMuP3n2brvKWEqk/Jc4=
github.com/hashicorp/go-multierror v1.0.0 h1:iVjPR7a6H0tWELX5NxNe7bYopibicUzc7uPribsnS6o=
github.com/hashicorp/go-multierror v1.0.0/go.mod h1:dHtQlpGsu+cZNNAkkCN/P3hoUDHhCYQXV3UM06sGGrk=
github.com/kr/pretty v0.1.0 h1:L/CwN0zerZDmRFUapSPitk6f+Q3+0za1rQkzVuMiMFI=
github.com/kr/pretty v0.1.0/go.mod h1:dAy3ld7l9f0ibDNOQOHHMYYIIbhfbHSm3C4ZsoJORNo=
github.com/kr/pty v1.1.1/go.mod h1:pFQYn66WHrOpPYNljwOMqo10TkYh1fy3cYio2l3bCsQ=
github.com/kr/pty v1.1.4/go.mod h1:pFQYn66WHrOpPYNljwOMqo10TkYh1fy3cYio2l3bCsQ=
github.com/kr/text v0.1.0 h1:45sCR5RtlFHMR4UwH9sdQ5TC8v0qDQCHnXt+kaKSTVE=
github.com/kr/text v0.1.0/go.mod h1:4Jbv+DJW3UT/LiOwJeYQe1efqtUx/iVham/4vfdArNI=
github.com/lectio/content v0.0.0-20190406235646-77ff532d3d79 h1:xVCC+TD5Bz0yRvXGDju8VExmFOBoV/3eBGBdwVdN74g=
github.com/lectio/content v0.0.0-20190406235646-77ff532d3d79/go.mod h1:Vys+AfwxL70BepDi60Y1eNf+cBjjbRggeMqV+cy0K8I=
github.com/lectio/content v0.0.0-20190409014948-62d24031bf78 h1:R8+cuRxH4VF9AVUT+k0aLDt2kpcuGS9UZrkniep+wx8=
github.com/lectio/content v0.0.0-20190409014948-62d24031bf78/go.mod h1:kSweGhZefJ4ywaMPua2TUGoN4qNUfbuf1ZMAEVIKajw=
github.com/lectio/flexmap v0.0.0-20190406192317-f27bf6e83979 h1:ZUWlERnDv3TcLYod2tf0sGRxN/xCcLGETtGeCASfDSE=
github.com/lectio/flexmap v0.0.0-20190406192317-f27bf6e83979/go.mod h1:kZu10qSo5aEjCxvTS4+fVHlirwTvQ9vp+shAp282bWQ=
github.com/lectio/flexmap v0.0.0-20190407161209-57184ed06b6f h1:uMsjF6rhVUuXposyP2nWYJf9T8+jFuI0ON1zvUDnGUA=
github.com/lectio/flexmap v0.0.0-20190407161209-57184ed06b6f/go.mod h1:kZu10qSo5aEjCxvTS4+fVHlirwTvQ9vp+shAp282bWQ=
github.com/lectio/frontmatter v0.0.0-20190406173607-94db504573f1 h1:HTtU7mm7ygmGPneDqQKaqKsEeHAv/mpIfWIZyg2X0SI=
github.com/lectio/frontmatter v0.0.0-20190406173607-94db504573f1/go.mod h1:XUv/kSkhmSeLaEOybxKf+9jppHbZ3iSRnK4EFonKzl0=
github.com/lectio/frontmatter v0.0.0-20190407110841-1a383cdd76d1 h1:YprTvIlXn3x9bMBN70+KnV6OOZC3XXwDYu4I/7rhoM8=
github.com/lectio/frontmatter v0.0.0-20190407110841-1a383cdd76d1/go.mod h1:DQDP7rMQhP0u2+YwfgaeXeaZ9XHvDfJnmO3SqnKaWOo=
github.com/lectio/link v0.0.0-20190406194311-db01e9b20eef h1:rUsrBpdkv0RpEWySNldaiAtTZXXEmQrFHYN0NeENwLk=
github.com/lectio/link v0.0.0-20190406194311-db01e9b20eef/go.mod h1:A/gV147io7QYmpyV3fVGVfpgrLNU0q3WJ/xveH51Y3U=
github.com/lectio/link v0.0.0-20190406220816-48740b712f7f h1:lsEJdoxHiRYYUW5IDqCp85dKqLkZd647tG/mPP8SCfU=
github.com/lectio/link v0.0.0-20190406220816-48740b712f7f/go.mod h1:A/gV147io7QYmpyV3fVGVfpgrLNU0q3WJ/xveH51Y3U=
github.com/lectio/link v0.0.0-20190407110934-2d47fd7650a5 h1:ERyLk8M2uD2LGrhWIEa/cDl5olRS5v8ZSL/qfuRieUs=
github.com/lectio/link v0.0.0-20190407110934-2d47fd7650a5/go.mod h1:Sw14vcH2gpLqsy6byMsPNK3KGGTWRXTOmp+1jMwhq5E=
github.com/lectio/observe v0.0.0-20190330161145-24f6fc031cdd h1:Tj3xxsz9XYOw/BaCE7dYFOlwhMlGYJNu3BH9cPBhsw8=
github.com/lectio/observe v0.0.0-20190330161145-24f6fc031cdd/go.mod h1:U70gz4MZji5a71zVhxqnnip4ca5Tjwn64Ev9NeqGPmc=
github.com/mvdan/xurls v1.1.0 h1:OpuDelGQ1R1ueQ6sSryzi6P+1RtBpfQHM8fJwlE45ww=
github.com/mvdan/xurls v1.1.0/go.mod h1:tQlNn3BED8bE/15hnSL2HLkDeLWpNPAwtw7wkEq44oU=
github.com/opentracing/opentracing-go v1.1.0 h1:pWlfV3Bxv7k65HYwkikxat0+s3pV4bsqf19k25Ur8rU=
github.com/opentracing/opentracing-go v1.1.0/go.mod h1:UkNAQd3GIcIGf0SeVgPpRdFStlNbqXla1AfSYxPUl2o=
github.com/pkg/errors v0.8.1 h1:iURUrRGxPUNPdy5/HRSm+Yj6okJ6UtLINN0Q9M4+h3I=
github.com/pkg/errors v0.8.1/go.mod h1:bwawxfHBFNV+L2hUp1rHADufV3IMtnDRdf1r5NINEl0=
github.com/pmezard/go-difflib v1.0.0 h1:4DBwDE0NGyQoBHbLQYPwSUPoCMWR5BEzIk/f1lZbAQM=
github.com/pmezard/go-difflib v1.0.0/go.mod h1:iKH77koFhYxTK1pcRnkKkqfTogsbg7gZNVY4sRDYZ/4=
github.com/rainycape/unidecode v0.0.0-20150907023854-cb7f23ec59be h1:ta7tUOvsPHVHGom5hKW5VXNc2xZIkfCKP8iaqOyYtUQ=
github.com/rainycape/unidecode v0.0.0-20150907023854-cb7f23ec59be/go.mod h1:MIDFMn7db1kT65GmV94GzpX9Qdi7N/pQlwb+AN8wh+Q=
github.com/stretchr/objx v0.1.0/go.mod h1:HFkY916IF+rwdDfMAkV7OtwuqBVzrE8GR6GFx+wExME=
github.com/stretchr/objx v0.1.1/go.mod h1:HFkY916IF+rwdDfMAkV7OtwuqBVzrE8GR6GFx+wExME=
github.com/stretchr/testify v1.3.0 h1:TivCn/peBQ7UY8ooIcPgZFpTNSz0Q2U6UrFlUfqbe0Q=
github.com/stretchr/testify v1.3.0/go.mod h1:M5WIy9Dh21IEIfnGCwXGc5bZfKNJtfHm1UVUgZn+9EI=
github.com/uber/jaeger-client-go v2.16.0+incompatible h1:Q2Pp6v3QYiocMxomCaJuwQGFt7E53bPYqEgug/AoBtY=
github.com/uber/jaeger-client-go v2.16.0+incompatible/go.mod h1:WVhlPFC8FDjOFMMWRy2pZqQJSXxYSwNYOkTr/Z6d3Kk=
github.com/uber/jaeger-lib v2.0.0+incompatible h1:iMSCV0rmXEogjNWPh2D0xk9YVKvrtGoHJNe9ebLu/pw=
github.com/uber/jaeger-lib v2.0.0+incompatible/go.mod h1:ComeNDZlWwrWnDv8aPp0Ba6+uUTzImX/AauajbLI56U=
golang.org/x/crypto v0.0.0-20190308221718-c2843e01d9a2/go.mod h1:djNgcEr1/C05ACkg1iLfiJU5Ep61QUkGW8qpdssI0+w=
golang.org/x/crypto v0.0.0-20190404164418-38d8ce5564a5/go.mod h1:WFFai1msRO1wXaEeE5yQxYXgSfI8pQAWXbQop6sCtWE=
golang.org/x/net v0.0.0-20190404232315-eb5bcb51f2a3 h1:0GoQqolDA55aaLxZyTzK/Y2ePZzZTUrRacwib7cNsYQ=
golang.org/x/net v0.0.0-20190404232315-eb5bcb51f2a3/go.mod h1:t9HGtf8HONx5eT2rtn7q6eTqICYqUVnKs3thJo3Qplg=
golang.org/x/sys v0.0.0-20190215142949-d0b11bdaac8a/go.mod h1:STP8DvDyc/dI5b8T5hshtkjS+E42TnysNCUPdjciGhY=
golang.org/x/sys v0.0.0-20190403152447-81d4e9dc473e/go.mod h1:h1NjWce9XRLGQEsW7wpKNCjG9DtNlClVuFLEZdDNbEs=
golang.org/x/sys v0.0.0-20190405154228-4b34438f7a67 h1:1Fzlr8kkDLQwqMP8GxrhptBLqZG/EDpiATneiZHY998=
golang.org/x/sys v0.0.0-20190405154228-4b34438f7a67/go.mod h1:h1NjWce9XRLGQEsW7wpKNCjG9DtNlClVuFLEZdDNbEs=
golang.org/x/text v0.3.0/go.mod h1:NqM8EUOU14njkJ3fqMW+pc6Ldnwhi/IjpwHt7yyuwOQ=
gopkg.in/check.v1 v0.0.0-20161208181325-20d25e280405/go.mod h1:Co6ibVJAznAaIkqp8huTwlJQCZ016jof/cbN4VW5Yz0=
gopkg.in/check.v1 v1.0.0-20180628173108-788fd7840127 h1:qIbj1fsPNlZgppZ+VLlY7N33q108Sa+fhmuc+sWQYwY=
gopkg.in/check.v1 v1.0.0-20180628173108-788fd7840127/go.mod h1:Co6ibVJAznAaIkqp8huTwlJQCZ016jof/cbN4VW5Yz0=
gopkg.in/yaml.v2 v2.2.2 h1:ZCJp+EgiOT7lHqUV2J862kp8Qj64Jo6az82+3Td9dZw=
gopkg.in/yaml.v2 v2.2.2/go.mod h1:hI93XBmqTisBFMUTm0b8Fm+jr3Dg1NNxqwp+5A1VGuI=
mvdan.cc/xurls v1.1.0 h1:kj0j2lonKseISJCiq1Tfk+iTv65dDGCl0rTbanXJGGc=
mvdan.cc/xurls v1.1.0/go.mod h1:TNWuhvo+IqbUCmtUIb/3LJSQdrzel8loVpgFm0HikbI=
