github.com/BurntSushi/xgb v0.0.0-20160522181843-27f122750802/go.mod h1:IVnqGOEym/WlBOVXweHU+Q+/VP0lqqI8lqeDx9IjBqo=
github.com/Machiel/slugify v1.0.1 h1:EfWSlRWstMadsgzmiV7d0yVd2IFlagWH68Q+DcYCm4E=
github.com/Machiel/slugify v1.0.1/go.mod h1:fTFGn5uWEynW4CUMG7sWkYXOf1UgDxyTM3DbR6Qfg3k=
github.com/PuerkitoBio/goquery v1.5.0 h1:uGvmFXOA73IKluu/F84Xd1tt/z07GYm8X49XKHP7EJk=
github.com/PuerkitoBio/goquery v1.5.0/go.mod h1:qD2PgZ9lccMbQlc7eEOjaeRlFQON7xY8kdmcsrnKqMg=
github.com/andybalholm/cascadia v1.0.0 h1:hOCXnnZ5A+3eVDX8pvgl4kofXv2ELss0bKcqRySc45o=
github.com/andybalholm/cascadia v1.0.0/go.mod h1:GsXiBklL0woXo1j/WYWtSYYC4ouU9PqHO0sqidkEA4Y=
github.com/codahale/hdrhistogram v0.0.0-20161010025455-3a0bb77429bd h1:qMd81Ts1T2OTKmB4acZcyKaMtRnY5Y44NuXGX2GFJ1w=
github.com/codahale/hdrhistogram v0.0.0-20161010025455-3a0bb77429bd/go.mod h1:sE/e/2PUdi/liOCUjSTXgM1o87ZssimdTWN964YiIeI=
github.com/davecgh/go-spew v1.1.0/go.mod h1:J7Y8YcW2NihsgmVo/mv3lAwl/skON4iLHjSsI+c5H38=
github.com/davecgh/go-spew v1.1.1 h1:vj9j/u1bqnvCEfJOwUhtlOARqs3+rkHYY13jYWTU97c=
github.com/davecgh/go-spew v1.1.1/go.mod h1:J7Y8YcW2NihsgmVo/mv3lAwl/skON4iLHjSsI+c5H38=
github.com/deckarep/golang-set v1.7.1 h1:SCQV0S6gTtp6itiFrTqI+pfmJ4LN85S1YzhDf9rTHJQ=
github.com/deckarep/golang-set v1.7.1/go.mod h1:93vsz/8Wt4joVM7c2AVqh+YRMiUSc14yDtF28KmMOgQ=
github.com/fatih/color v1.7.0 h1:DkWD4oS2D8LGGgTQ6IvwJJXSL5Vp2ffcQg58nFV38Ys=
github.com/fatih/color v1.7.0/go.mod h1:Zm6kSWBoL9eyXnKyktHP6abPY2pDugNf5KwzbycvMj4=
github.com/gosimple/slug v1.4.2 h1:jDmprx3q/9Lfk4FkGZtvzDQ9Cj9eAmsjzeQGp24PeiQ=
github.com/gosimple/slug v1.4.2/go.mod h1:ER78kgg1Mv0NQGlXiDe57DpCyfbNywXXZ9mIorhxAf0=
github.com/gostaticanalysis/analysisutil v0.0.0-20190318220348-4088753ea4d3/go.mod h1:eEOZF4jCKGi+aprrirO9e7WKB3beBRtWgqGunKl6pKE=
github.com/gostaticanalysis/analysisutil v0.0.0-20190329151158-56bca42c7635 h1:I/ckdXlVHde3unRCAcN/Tcpu7LFwgvyHqnFTeklC9oA=
github.com/gostaticanalysis/analysisutil v0.0.0-20190329151158-56bca42c7635/go.mod h1:eEOZF4jCKGi+aprrirO9e7WKB3beBRtWgqGunKl6pKE=
github.com/h2non/filetype v1.0.8 h1:le8gpf+FQA0/DlDABbtisA1KiTS0Xi+YSC/E8yY3Y14=
github.com/h2non/filetype v1.0.8/go.mod h1:isekKqOuhMj+s/7r3rIeTErIRy4Rub5uBWHfvMusLMU=
github.com/hashicorp/errwrap v1.0.0 h1:hLrqtEDnRye3+sgx6z4qVLNuviH3MR5aQ0ykNJa/UYA=
github.com/hashicorp/errwrap v1.0.0/go.mod h1:YH+1FKiLXxHSkmPseP+kNlulaMuP3n2brvKWEqk/Jc4=
github.com/hashicorp/go-multierror v1.0.0 h1:iVjPR7a6H0tWELX5NxNe7bYopibicUzc7uPribsnS6o=
github.com/hashicorp/go-multierror v1.0.0/go.mod h1:dHtQlpGsu+cZNNAkkCN/P3hoUDHhCYQXV3UM06sGGrk=
github.com/julianshen/go-readability v0.0.0-20160929030430-accf5123e283 h1:GWAkDAcclgrxPaUtWQBRp1mS9iU32HblxYFp3MsSIq8=
github.com/julianshen/go-readability v0.0.0-20160929030430-accf5123e283/go.mod h1:iQXTy43phZmgBAHslXv0D2pcN/VlNAs1TtrOwgxyLsY=
github.com/julianshen/og v0.0.0-20170124022037-897162c55567 h1:AqU/tXClsvlEqUdSf0YtF9oSqSTgQzBRQ8RuKwr1dJs=
github.com/julianshen/og v0.0.0-20170124022037-897162c55567/go.mod h1:E6tHjMk5U9I9vxkLPYKtxGzXWnVy+LOIhLPYocn8wMA=
github.com/lectio/content v0.0.0-20190325010834-2a6d3d88994b h1:VSx2eqPy4wg3O8kdy2nmuNnftdo0WEZsu46AH69z/mU=
github.com/lectio/content v0.0.0-20190325010834-2a6d3d88994b/go.mod h1:jVcxVaVNsKooy1V753qCzi1jHW5riqjh5iD82cbDyzc=
github.com/lectio/content v0.0.0-20190325155214-dc85c21f0e7b h1:5hF5iBkQU+RNFyWuvLsRuM+3gLFJtURLAkJIPm20CTc=
github.com/lectio/content v0.0.0-20190325155214-dc85c21f0e7b/go.mod h1:jVcxVaVNsKooy1V753qCzi1jHW5riqjh5iD82cbDyzc=
github.com/lectio/content v0.0.0-20190325155749-cf0fa7a446db h1:Km+XzzjAx2sYNvECqnve6U1WHSYafaceqBgo1Oy0G4U=
github.com/lectio/content v0.0.0-20190325155749-cf0fa7a446db/go.mod h1:jVcxVaVNsKooy1V753qCzi1jHW5riqjh5iD82cbDyzc=
github.com/lectio/content v0.0.0-20190325162116-2fc8210998fe h1:BfFJRaV0vT6EhjLNfjroCCvUJ/NQflp7itKAjQ2pEVU=
github.com/lectio/content v0.0.0-20190325162116-2fc8210998fe/go.mod h1:jVcxVaVNsKooy1V753qCzi1jHW5riqjh5iD82cbDyzc=
github.com/lectio/content v0.0.0-20190325164145-3ce70289647d h1:TlmkVBreogkLXCZ62IhfpRT17VCtdoN4yRV5HWcFTxo=
github.com/lectio/content v0.0.0-20190325164145-3ce70289647d/go.mod h1:jVcxVaVNsKooy1V753qCzi1jHW5riqjh5iD82cbDyzc=
github.com/lectio/content v0.0.0-20190325174944-7bac444e6eb7 h1:xQWBfgn64UDtUTGfwWTh6ZJDmopLnK5cxFOXLRZzttM=
github.com/lectio/content v0.0.0-20190325174944-7bac444e6eb7/go.mod h1:jVcxVaVNsKooy1V753qCzi1jHW5riqjh5iD82cbDyzc=
github.com/lectio/content v0.0.0-20190326011911-a3144ae84b3a h1:vG5nJE+m1fJI37v/6Sen2nHqEpDG7asT0rFkd50cu2o=
github.com/lectio/content v0.0.0-20190326011911-a3144ae84b3a/go.mod h1:jVcxVaVNsKooy1V753qCzi1jHW5riqjh5iD82cbDyzc=
github.com/lectio/content v0.0.0-20190326233420-06834b3144ae h1:um3WXYRxG2Fc8DuH75OV5tJniJ2S9bSJNBwUhA1ZVEQ=
github.com/lectio/content v0.0.0-20190326233420-06834b3144ae/go.mod h1:jVcxVaVNsKooy1V753qCzi1jHW5riqjh5iD82cbDyzc=
github.com/lectio/content v0.0.0-20190328154208-c54d0de27671 h1:9d9uCqQ5eHT4Bj4lu2rnCOVpyo7HU1zn6dCVisR+Isg=
github.com/lectio/content v0.0.0-20190328154208-c54d0de27671/go.mod h1:jVcxVaVNsKooy1V753qCzi1jHW5riqjh5iD82cbDyzc=
github.com/lectio/content v0.0.0-20190328162055-f5a4c825e0d5 h1:jMr0lZofq+OzawLKtsP2ojcYrdoDcO9ecsS5JRuI0ek=
github.com/lectio/content v0.0.0-20190328162055-f5a4c825e0d5/go.mod h1:jVcxVaVNsKooy1V753qCzi1jHW5riqjh5iD82cbDyzc=
github.com/lectio/content v0.0.0-20190328163023-35531fcec58d h1:ynfQusPwaqx8iRQP2YpzJebCfwoOpzUHOotJLcPCgLI=
github.com/lectio/content v0.0.0-20190328163023-35531fcec58d/go.mod h1:jVcxVaVNsKooy1V753qCzi1jHW5riqjh5iD82cbDyzc=
github.com/lectio/content v0.0.0-20190329143102-caf527cd9941 h1:eI0z3+erdFA+BVy85vEfzRDoRgNTeqlTKdVcLSi6Es4=
github.com/lectio/content v0.0.0-20190329143102-caf527cd9941/go.mod h1:jVcxVaVNsKooy1V753qCzi1jHW5riqjh5iD82cbDyzc=
github.com/lectio/content v0.0.0-20190329143413-0b3aec04a1c8 h1:dbmFfqeXYiFGCrCyDA7U9K8HL43Xk+W/Uxc3F0wS+N8=
github.com/lectio/content v0.0.0-20190329143413-0b3aec04a1c8/go.mod h1:jVcxVaVNsKooy1V753qCzi1jHW5riqjh5iD82cbDyzc=
github.com/lectio/content v0.0.0-20190330002458-d5a67fabe568 h1:vz6FEncHq0vr410ljLBtbIkiwqMoCKkpU/0BVzyas48=
github.com/lectio/content v0.0.0-20190330002458-d5a67fabe568/go.mod h1:jVcxVaVNsKooy1V753qCzi1jHW5riqjh5iD82cbDyzc=
github.com/lectio/content v0.0.0-20190330003039-7d7793eb2866 h1:rxr4aYg1XKcR3cbNes0kF23xLu0La2gfLgWJoLYEioY=
github.com/lectio/content v0.0.0-20190330003039-7d7793eb2866/go.mod h1:jVcxVaVNsKooy1V753qCzi1jHW5riqjh5iD82cbDyzc=
github.com/lectio/content v0.0.0-20190330023900-74fc17beaa20 h1:1VM7I3fr+9t1z3n7rpnYD8q1a3HrXdvShN9g6FxXY0w=
github.com/lectio/content v0.0.0-20190330023900-74fc17beaa20/go.mod h1:jVcxVaVNsKooy1V753qCzi1jHW5riqjh5iD82cbDyzc=
github.com/lectio/content v0.0.0-20190331170634-694f53190ad0 h1:HJ6t3zTQWkGKZLPk73E54VjVyotX3ac9DDhNiPpBy3w=
github.com/lectio/content v0.0.0-20190331170634-694f53190ad0/go.mod h1:Jbb9LwztDexbeqOj4Jqry2dT25P2up8QqCWoF1s0FWg=
github.com/lectio/content v0.0.0-20190331171135-f8d20c25cd08 h1:o3Vka5MLvHs86hcyogw8SjdTt+UMy+BegOkI+ouUdMc=
github.com/lectio/content v0.0.0-20190331171135-f8d20c25cd08/go.mod h1:Jbb9LwztDexbeqOj4Jqry2dT25P2up8QqCWoF1s0FWg=
github.com/lectio/content v0.0.0-20190331172830-255125a14827 h1:pZiQeJf/UDEgNiC2xRip9/K3HpDRaqYbUU0mNeQrxII=
github.com/lectio/content v0.0.0-20190331172830-255125a14827/go.mod h1:Jbb9LwztDexbeqOj4Jqry2dT25P2up8QqCWoF1s0FWg=
github.com/lectio/content v0.0.0-20190331175429-ec156eb0b467 h1:f8f7i8dfWzodTfMwS8B89tjzoZv8vr1r+p9wui877zI=
github.com/lectio/content v0.0.0-20190331175429-ec156eb0b467/go.mod h1:Jbb9LwztDexbeqOj4Jqry2dT25P2up8QqCWoF1s0FWg=
github.com/lectio/content v0.0.0-20190331220514-40d46ec7b371 h1:zYLdlVTQFnuTWKnkpumaiy9t5OY3GFoQ52WydHs5oVw=
github.com/lectio/content v0.0.0-20190331220514-40d46ec7b371/go.mod h1:Jbb9LwztDexbeqOj4Jqry2dT25P2up8QqCWoF1s0FWg=
github.com/lectio/harvester v0.0.0-20190323193611-386f8794c966 h1:mYGITnJ/9YRTsf6VglRN1ApKKtYboiZqQaWdAKvZjNk=
github.com/lectio/harvester v0.0.0-20190323193611-386f8794c966/go.mod h1:ApOjx8MRzEjLcq0nA7kVGZHnv++F3uF7EoOWriQiRfE=
github.com/lectio/harvester v0.0.0-20190325024938-d83e2e4eacd2 h1:0r9Q05g4aVX+OM3xiXe3K6iBoguVyeDv6P1mQGgGMRM=
github.com/lectio/harvester v0.0.0-20190325024938-d83e2e4eacd2/go.mod h1:ApOjx8MRzEjLcq0nA7kVGZHnv++F3uF7EoOWriQiRfE=
github.com/lectio/harvester v0.0.0-20190328131814-a04d9e97fd5c h1:y+RYGVDM1kKOjBV09422nHexqjTCK9kwjFuyGlgiCf0=
github.com/lectio/harvester v0.0.0-20190328131814-a04d9e97fd5c/go.mod h1:yKHFV+hr0MIDD+nVqZsgoT/sqskUNRPchNtjg1oVj1Y=
github.com/lectio/harvester v0.0.0-20190328154655-ed9c25fa9451 h1:hGVbH+CYkIkjX8oZBYVn0LsXKKaWsP1NoetUNZf0lBs=
github.com/lectio/harvester v0.0.0-20190328154655-ed9c25fa9451/go.mod h1:yKHFV+hr0MIDD+nVqZsgoT/sqskUNRPchNtjg1oVj1Y=
github.com/lectio/harvester v0.0.0-20190330160331-74107f595efc h1:2AaRZl++OaqIA76Qs/OAr8/xiVSOUlJ27Gob3GserIE=
github.com/lectio/harvester v0.0.0-20190330160331-74107f595efc/go.mod h1:inTJPxi0K69KZQOkDJG47RpETOlPVdTAl8CkaHNpLEY=
github.com/lectio/harvester v0.0.0-20190330161551-53b737a7e78f h1:ubxNjnHn/O2lSoF1NB3SFKQei8JuQMIHfAyZwKwUorE=
github.com/lectio/harvester v0.0.0-20190330161551-53b737a7e78f/go.mod h1:Aiskmb1dVV/VOzmNBH7Z7cSBo4EaS50DRv75u9Vx/i8=
github.com/lectio/observe v0.0.0-20190330161145-24f6fc031cdd h1:Tj3xxsz9XYOw/BaCE7dYFOlwhMlGYJNu3BH9cPBhsw8=
github.com/lectio/observe v0.0.0-20190330161145-24f6fc031cdd/go.mod h1:U70gz4MZji5a71zVhxqnnip4ca5Tjwn64Ev9NeqGPmc=
github.com/lectio/score v0.0.0-20190322201605-d948d123c684 h1:N2AWEUa/t2I2bgOXTqAptjimiiMH2y0EW30yf5cZnpg=
github.com/lectio/score v0.0.0-20190322201605-d948d123c684/go.mod h1:PVdE9/m4fSNIe+W7YjmiKxWL9Ogh1g2Cpvz+OH44YPI=
github.com/lectio/score v0.0.0-20190325155124-2fb072ee8e8e h1:T/6AMKNIsYAj6ZM5X/WvRSmt3xseCBHt9ynEU6KsQLw=
github.com/lectio/score v0.0.0-20190325155124-2fb072ee8e8e/go.mod h1:PVdE9/m4fSNIe+W7YjmiKxWL9Ogh1g2Cpvz+OH44YPI=
github.com/lectio/score v0.0.0-20190325172306-57d38b958af9/go.mod h1:PVdE9/m4fSNIe+W7YjmiKxWL9Ogh1g2Cpvz+OH44YPI=
github.com/lectio/score v0.0.0-20190325180914-df043eb798d2/go.mod h1:PVdE9/m4fSNIe+W7YjmiKxWL9Ogh1g2Cpvz+OH44YPI=
github.com/lectio/score v0.0.0-20190330164325-6c58408147f4/go.mod h1:PVdE9/m4fSNIe+W7YjmiKxWL9Ogh1g2Cpvz+OH44YPI=
github.com/mattn/go-colorable v0.1.1 h1:G1f5SKeVxmagw/IyvzvtZE4Gybcc4Tr1tf7I8z0XgOg=
github.com/mattn/go-colorable v0.1.1/go.mod h1:FuOcm+DKB9mbwrcAfNl7/TZVBZ6rcnceauSikq3lYCQ=
github.com/mattn/go-isatty v0.0.5 h1:tHXDdz1cpzGaovsTB+TVB8q90WEokoVmfMqoVcrLUgw=
github.com/mattn/go-isatty v0.0.5/go.mod h1:Iq45c/XA43vh69/j3iqttzPXn0bhXyGjM0Hdxcsrc5s=
github.com/mattn/go-isatty v0.0.7/go.mod h1:Iq45c/XA43vh69/j3iqttzPXn0bhXyGjM0Hdxcsrc5s=
github.com/mattn/go-runewidth v0.0.4 h1:2BvfKmzob6Bmd4YsL0zygOqfdFnK7GR4QL06Do4/p7Y=
github.com/mattn/go-runewidth v0.0.4/go.mod h1:LwmH8dsx7+W8Uxz3IHJYH5QSwggIsqBzpuz5H//U1FU=
github.com/mingrammer/commonregex v1.0.0 h1:0nTEyFI+CKWog0IWbyP8jFwgdd+JZ30UYfYce/lG/9w=
github.com/mingrammer/commonregex v1.0.0/go.mod h1:GQen+jIfhWmXmDCzNk4ucLO8VUMxJO5QPWZ2RPwrS3A=
github.com/montanaflynn/stats v0.5.0 h1:2EkzeTSqBB4V4bJwWrt5gIIrZmpJBcoIRGS2kWLgzmk=
github.com/montanaflynn/stats v0.5.0/go.mod h1:wL8QJuTMNUDYhXwkmfOly8iTdp5TEcJFWZD2D7SIkUc=
github.com/mvdan/xurls v1.1.0 h1:OpuDelGQ1R1ueQ6sSryzi6P+1RtBpfQHM8fJwlE45ww=
github.com/mvdan/xurls v1.1.0/go.mod h1:tQlNn3BED8bE/15hnSL2HLkDeLWpNPAwtw7wkEq44oU=
github.com/opentracing/opentracing-go v1.0.2 h1:3jA2P6O1F9UOrWVpwrIo17pu01KWvNWg4X946/Y5Zwg=
github.com/opentracing/opentracing-go v1.0.2/go.mod h1:UkNAQd3GIcIGf0SeVgPpRdFStlNbqXla1AfSYxPUl2o=
github.com/opentracing/opentracing-go v1.1.0 h1:pWlfV3Bxv7k65HYwkikxat0+s3pV4bsqf19k25Ur8rU=
github.com/opentracing/opentracing-go v1.1.0/go.mod h1:UkNAQd3GIcIGf0SeVgPpRdFStlNbqXla1AfSYxPUl2o=
github.com/pkg/errors v0.8.1 h1:iURUrRGxPUNPdy5/HRSm+Yj6okJ6UtLINN0Q9M4+h3I=
github.com/pkg/errors v0.8.1/go.mod h1:bwawxfHBFNV+L2hUp1rHADufV3IMtnDRdf1r5NINEl0=
github.com/pmezard/go-difflib v1.0.0 h1:4DBwDE0NGyQoBHbLQYPwSUPoCMWR5BEzIk/f1lZbAQM=
github.com/pmezard/go-difflib v1.0.0/go.mod h1:iKH77koFhYxTK1pcRnkKkqfTogsbg7gZNVY4sRDYZ/4=
github.com/rainycape/unidecode v0.0.0-20150907023854-cb7f23ec59be h1:ta7tUOvsPHVHGom5hKW5VXNc2xZIkfCKP8iaqOyYtUQ=
github.com/rainycape/unidecode v0.0.0-20150907023854-cb7f23ec59be/go.mod h1:MIDFMn7db1kT65GmV94GzpX9Qdi7N/pQlwb+AN8wh+Q=
github.com/remyoudompheng/bigfft v0.0.0-20170806203942-52369c62f446/go.mod h1:uYEyJGbgTkfkS4+E/PavXkNJcbFIpEtjt2B0KDQ5+9M=
github.com/remyoudompheng/bigfft v0.0.0-20190321074620-2f0d2b0e0001/go.mod h1:qqbHyh8v60DhA7CoWK5oRCqLrMHRGoxYCSS9EjAz6Eo=
github.com/shah/observe-go v0.0.0-20180630085520-ca42ba4ed115 h1:2wjK1QP4aOKzZ5yegU3R+03ng3HHw7/mlqFamudTZHI=
github.com/shah/observe-go v0.0.0-20180630085520-ca42ba4ed115/go.mod h1:8fo2NYxZSBdJRPbQDlwam3pA1dXDrMVFZ+WBoDLM9Vo=
github.com/shah/observe-go v0.0.0-20190323193911-920a31073f3b h1:8TpO1atSDbcYO9xY83E20GUPk8Fl4n8JVkg/7Rkzggw=
github.com/shah/observe-go v0.0.0-20190323193911-920a31073f3b/go.mod h1:YWdsqyyddAg7mPorHsijCW50CejHKk+4PB6VHH/frlM=
github.com/stretchr/objx v0.1.0/go.mod h1:HFkY916IF+rwdDfMAkV7OtwuqBVzrE8GR6GFx+wExME=
github.com/stretchr/objx v0.1.1/go.mod h1:HFkY916IF+rwdDfMAkV7OtwuqBVzrE8GR6GFx+wExME=
github.com/stretchr/testify v1.3.0 h1:TivCn/peBQ7UY8ooIcPgZFpTNSz0Q2U6UrFlUfqbe0Q=
github.com/stretchr/testify v1.3.0/go.mod h1:M5WIy9Dh21IEIfnGCwXGc5bZfKNJtfHm1UVUgZn+9EI=
github.com/timakin/bodyclose v0.0.0-20190329150117-6644437f9794 h1:LiDYEjPlACst/i/uVdb107zi2WiPgeMPMzPCkoc8wLw=
github.com/timakin/bodyclose v0.0.0-20190329150117-6644437f9794/go.mod h1:Qimiffbc6q9tBWlVV6x0P9sat/ao1xEkREYPPj9hphk=
github.com/timakin/bodyclose v0.0.0-20190330154753-8ad59793c6e0/go.mod h1:Qimiffbc6q9tBWlVV6x0P9sat/ao1xEkREYPPj9hphk=
github.com/uber-go/atomic v1.3.2 h1:Azu9lPBWRNKzYXSIwRfgRuDuS0YKsK4NFhiQv98gkxo=
github.com/uber-go/atomic v1.3.2/go.mod h1:/Ct5t2lcmbJ4OSe/waGBoaVvVqtO0bmtfVNex1PFV8g=
github.com/uber/jaeger-client-go v2.15.0+incompatible h1:NP3qsSqNxh8VYr956ur1N/1C1PjvOJnJykCzcD5QHbk=
github.com/uber/jaeger-client-go v2.15.0+incompatible/go.mod h1:WVhlPFC8FDjOFMMWRy2pZqQJSXxYSwNYOkTr/Z6d3Kk=
github.com/uber/jaeger-client-go v2.16.0+incompatible h1:Q2Pp6v3QYiocMxomCaJuwQGFt7E53bPYqEgug/AoBtY=
github.com/uber/jaeger-client-go v2.16.0+incompatible/go.mod h1:WVhlPFC8FDjOFMMWRy2pZqQJSXxYSwNYOkTr/Z6d3Kk=
github.com/uber/jaeger-lib v1.5.0 h1:OHbgr8l656Ub3Fw5k9SWnBfIEwvoHQ+W2y+Aa9D1Uyo=
github.com/uber/jaeger-lib v1.5.0/go.mod h1:ComeNDZlWwrWnDv8aPp0Ba6+uUTzImX/AauajbLI56U=
github.com/uber/jaeger-lib v2.0.0+incompatible h1:iMSCV0rmXEogjNWPh2D0xk9YVKvrtGoHJNe9ebLu/pw=
github.com/uber/jaeger-lib v2.0.0+incompatible/go.mod h1:ComeNDZlWwrWnDv8aPp0Ba6+uUTzImX/AauajbLI56U=
go.uber.org/atomic v1.3.2 h1:2Oa65PReHzfn29GpvgsYwloV9AVFHPDk8tYxt2c2tr4=
go.uber.org/atomic v1.3.2/go.mod h1:gD2HeocX3+yG+ygLZcrzQJaqmWj9AIm7n08wl/qW/PE=
golang.org/x/crypto v0.0.0-20190308221718-c2843e01d9a2/go.mod h1:djNgcEr1/C05ACkg1iLfiJU5Ep61QUkGW8qpdssI0+w=
golang.org/x/crypto v0.0.0-20190320223903-b7391e95e576/go.mod h1:djNgcEr1/C05ACkg1iLfiJU5Ep61QUkGW8qpdssI0+w=
golang.org/x/crypto v0.0.0-20190325154230-a5d413f7728c/go.mod h1:djNgcEr1/C05ACkg1iLfiJU5Ep61QUkGW8qpdssI0+w=
golang.org/x/exp v0.0.0-20190125153040-c74c464bbbf2/go.mod h1:CJ0aWSM057203Lf6IL+f9T1iT9GByDxfZKAQTCR3kQA=
golang.org/x/exp v0.0.0-20190306152737-a1d7652674e8/go.mod h1:CJ0aWSM057203Lf6IL+f9T1iT9GByDxfZKAQTCR3kQA=
golang.org/x/exp v0.0.0-20190312203227-4b39c73a6495/go.mod h1:ZjyILWgesfNpC6sMxTJOJm9Kp84zZh5NQWvqDGG3Qr8=
golang.org/x/exp v0.0.0-20190321205749-f0864edee7f3/go.mod h1:ZjyILWgesfNpC6sMxTJOJm9Kp84zZh5NQWvqDGG3Qr8=
golang.org/x/image v0.0.0-20190227222117-0694c2d4d067/go.mod h1:kZ7UVZpmo3dzQBMxlp+ypCbDeSB+sBbTgSJuh5dn5js=
golang.org/x/image v0.0.0-20190321063152-3fc05d484e9f/go.mod h1:kZ7UVZpmo3dzQBMxlp+ypCbDeSB+sBbTgSJuh5dn5js=
golang.org/x/mobile v0.0.0-20190312151609-d3739f865fa6/go.mod h1:z+o9i4GpDbdi3rU15maQ/Ox0txvL9dWGYEHz965HBQE=
golang.org/x/mobile v0.0.0-20190327163128-167ebed0ec6d/go.mod h1:E/iHnbuqvinMTCcRqshq8CkpyQDoeVncDDYHnLhea+o=
golang.org/x/net v0.0.0-20180218175443-cbe0f9307d01/go.mod h1:mL1N/T3taQHkDXs73rZJwtUhF3w3ftmwwsq0BUmARs4=
golang.org/x/net v0.0.0-20181114220301-adae6a3d119a/go.mod h1:mL1N/T3taQHkDXs73rZJwtUhF3w3ftmwwsq0BUmARs4=
golang.org/x/net v0.0.0-20190311183353-d8887717615a/go.mod h1:t9HGtf8HONx5eT2rtn7q6eTqICYqUVnKs3thJo3Qplg=
golang.org/x/net v0.0.0-20190322120337-addf6b3196f6 h1:78jEq2G3J16aXneH23HSnTQQTCwMHoyO8VEiUH+bpPM=
golang.org/x/net v0.0.0-20190322120337-addf6b3196f6/go.mod h1:t9HGtf8HONx5eT2rtn7q6eTqICYqUVnKs3thJo3Qplg=
golang.org/x/net v0.0.0-20190324223953-e3b2ff56ed87/go.mod h1:t9HGtf8HONx5eT2rtn7q6eTqICYqUVnKs3thJo3Qplg=
golang.org/x/net v0.0.0-20190326090315-15845e8f865b h1:LlDMQZ0I/u8J45sbt31TecpsFNErRGwDgS4WvT9hKzE=
golang.org/x/net v0.0.0-20190326090315-15845e8f865b/go.mod h1:t9HGtf8HONx5eT2rtn7q6eTqICYqUVnKs3thJo3Qplg=
golang.org/x/net v0.0.0-20190327091125-710a502c58a2/go.mod h1:t9HGtf8HONx5eT2rtn7q6eTqICYqUVnKs3thJo3Qplg=
golang.org/x/net v0.0.0-20190327214358-63eda1eb0650 h1:XCbwcsP09zrBt1aYht0fASw+ynbEpYr8NnCkIN9nMM0=
golang.org/x/net v0.0.0-20190327214358-63eda1eb0650/go.mod h1:t9HGtf8HONx5eT2rtn7q6eTqICYqUVnKs3thJo3Qplg=
golang.org/x/net v0.0.0-20190328230028-74de082e2cca h1:hyA6yiAgbUwuWqtscNvWAI7U1CtlaD1KilQ6iudt1aI=
golang.org/x/net v0.0.0-20190328230028-74de082e2cca/go.mod h1:t9HGtf8HONx5eT2rtn7q6eTqICYqUVnKs3thJo3Qplg=
golang.org/x/sys v0.0.0-20190215142949-d0b11bdaac8a/go.mod h1:STP8DvDyc/dI5b8T5hshtkjS+E42TnysNCUPdjciGhY=
golang.org/x/sys v0.0.0-20190222072716-a9d3bda3a223/go.mod h1:STP8DvDyc/dI5b8T5hshtkjS+E42TnysNCUPdjciGhY=
golang.org/x/sys v0.0.0-20190312061237-fead79001313/go.mod h1:h1NjWce9XRLGQEsW7wpKNCjG9DtNlClVuFLEZdDNbEs=
golang.org/x/sys v0.0.0-20190322080309-f49334f85ddc/go.mod h1:h1NjWce9XRLGQEsW7wpKNCjG9DtNlClVuFLEZdDNbEs=
golang.org/x/sys v0.0.0-20190329044733-9eb1bfa1ce65/go.mod h1:h1NjWce9XRLGQEsW7wpKNCjG9DtNlClVuFLEZdDNbEs=
golang.org/x/text v0.3.0/go.mod h1:NqM8EUOU14njkJ3fqMW+pc6Ldnwhi/IjpwHt7yyuwOQ=
golang.org/x/tools v0.0.0-20190206041539-40960b6deb8e/go.mod h1:n7NCudcB/nEzxVGmLbDWY5pfWTLqBcC2KZ6jyYvM4mQ=
golang.org/x/tools v0.0.0-20190311215038-5c2858a9cfe5/go.mod h1:LCzVGOaR6xXOjkQ3onu1FJEFr0SW1gC7cKk1uF8kGRs=
golang.org/x/tools v0.0.0-20190312151545-0bb0c0a6e846/go.mod h1:LCzVGOaR6xXOjkQ3onu1FJEFr0SW1gC7cKk1uF8kGRs=
golang.org/x/tools v0.0.0-20190322203728-c1a832b0ad89/go.mod h1:LCzVGOaR6xXOjkQ3onu1FJEFr0SW1gC7cKk1uF8kGRs=
golang.org/x/tools v0.0.0-20190328030505-8f05a32dce9f/go.mod h1:LCzVGOaR6xXOjkQ3onu1FJEFr0SW1gC7cKk1uF8kGRs=
golang.org/x/tools v0.0.0-20190328211700-ab21143f2384/go.mod h1:LCzVGOaR6xXOjkQ3onu1FJEFr0SW1gC7cKk1uF8kGRs=
golang.org/x/tools v0.0.0-20190329225845-a96101f168f4/go.mod h1:LCzVGOaR6xXOjkQ3onu1FJEFr0SW1gC7cKk1uF8kGRs=
golang.org/x/tools v0.0.0-20190330150233-1cd2f21070ec h1:zBrrEzFehtYA8+AGA7V6+ZKjDSf8ysB3NTBDbNZGo/M=
golang.org/x/tools v0.0.0-20190330150233-1cd2f21070ec/go.mod h1:LCzVGOaR6xXOjkQ3onu1FJEFr0SW1gC7cKk1uF8kGRs=
golang.org/x/tools v0.0.0-20190330180304-aef51cc3777c/go.mod h1:LCzVGOaR6xXOjkQ3onu1FJEFr0SW1gC7cKk1uF8kGRs=
gonum.org/v1/gonum v0.0.0-20190327053044-9996f1428eb6/go.mod h1:2ltnJ7xHfj0zHS40VVPYEAAMTa3ZGguvHGBSJeRWqE0=
gonum.org/v1/gonum v0.0.0-20190328132403-c38fb5f9ef41 h1:3EIv67i0H+Ls68yWdl11wen7ai7GeGNqSMWaG8mHv44=
gonum.org/v1/gonum v0.0.0-20190328132403-c38fb5f9ef41/go.mod h1:2ltnJ7xHfj0zHS40VVPYEAAMTa3ZGguvHGBSJeRWqE0=
gonum.org/v1/gonum v0.0.0-20190329081112-e6c0b279139b h1:xeSWrDekTIAdLZnM0qYGi3IgifSy0KN3QGbcbUAuawQ=
gonum.org/v1/gonum v0.0.0-20190329081112-e6c0b279139b/go.mod h1:2ltnJ7xHfj0zHS40VVPYEAAMTa3ZGguvHGBSJeRWqE0=
gonum.org/v1/gonum v0.0.0-20190329230704-4b1617dbb056 h1:UUYru3ELurPSUl9OTEi+NUj24iMbLPKLxIz6uvkkw84=
gonum.org/v1/gonum v0.0.0-20190329230704-4b1617dbb056/go.mod h1:2ltnJ7xHfj0zHS40VVPYEAAMTa3ZGguvHGBSJeRWqE0=
gonum.org/v1/gonum v0.0.0-20190330083134-779ef2ac207d h1:ShJE9we+7oZ2ZWS32zNTOntaiKgC3zCnzvTbDLTGZhQ=
gonum.org/v1/gonum v0.0.0-20190330083134-779ef2ac207d/go.mod h1:2ltnJ7xHfj0zHS40VVPYEAAMTa3ZGguvHGBSJeRWqE0=
gonum.org/v1/gonum v0.0.0-20190331082636-9a0642d3dda0 h1:rFL0Rvhj/DKdO4TtKXdIxxLYsurcEN3dG/nIvhl7QWk=
gonum.org/v1/gonum v0.0.0-20190331082636-9a0642d3dda0/go.mod h1:2ltnJ7xHfj0zHS40VVPYEAAMTa3ZGguvHGBSJeRWqE0=
gonum.org/v1/gonum v0.0.0-20190331200053-3d26580ed485 h1:OB/uP/Puiu5vS5QMRPrXCDWUPb+kt8f1KW8oQzFejQw=
gonum.org/v1/gonum v0.0.0-20190331200053-3d26580ed485/go.mod h1:2ltnJ7xHfj0zHS40VVPYEAAMTa3ZGguvHGBSJeRWqE0=
gonum.org/v1/netlib v0.0.0-20190313105609-8cb42192e0e0/go.mod h1:wa6Ws7BG/ESfp6dHfk7C6KdzKA7wR7u/rKwOGE66zvw=
gonum.org/v1/netlib v0.0.0-20190327185612-36a5df7c87e8/go.mod h1:1s8qPuduN1S8OkSgBbxHf/i3M3yqeI1AEN3cqptwzQs=
gonum.org/v1/netlib v0.0.0-20190330074845-29ff885a0a02/go.mod h1:1s8qPuduN1S8OkSgBbxHf/i3M3yqeI1AEN3cqptwzQs=
gonum.org/v1/netlib v0.0.0-20190331212654-76723241ea4e/go.mod h1:kS+toOQn6AQKjmKJ7gzohV1XkqsFehRA2FbsbkopSuQ=
gopkg.in/cheggaaa/pb.v1 v1.0.28 h1:n1tBJnnK2r7g9OW2btFH91V92STTUevLXYFb8gy9EMk=
gopkg.in/cheggaaa/pb.v1 v1.0.28/go.mod h1:V/YB90LKu/1FcN3WVnfiiE5oMCibMjukxqG/qStrOgw=
gopkg.in/jdkato/prose.v2 v2.0.0-20180825173540-767a23049b9e h1:yDDVJ347kU7Ro+H2CRgKmAEbFXfHwjyPuXgVd6H+3N8=
gopkg.in/jdkato/prose.v2 v2.0.0-20180825173540-767a23049b9e/go.mod h1:1uCyb8jSeRMeIfMJgVyxYssmCTAlxLBkueX+Iu2UilA=
gopkg.in/neurosnap/sentences.v1 v1.0.6 h1:v7ElyP020iEZQONyLld3fHILHWOPs+ntzuQTNPkul8E=
gopkg.in/neurosnap/sentences.v1 v1.0.6/go.mod h1:YlK+SN+fLQZj+kY3r8DkGDhDr91+S3JmTb5LSxFRQo0=
modernc.org/cc v1.0.0/go.mod h1:1Sk4//wdnYJiUIxnW8ddKpaOJCF37yAdqYnkxUpaYxw=
modernc.org/golex v1.0.0/go.mod h1:b/QX9oBD/LhixY6NDh+IdGv17hgB+51fET1i2kPSmvk=
modernc.org/mathutil v1.0.0/go.mod h1:wU0vUrJsVWBZ4P6e7xtFJEhFSNsfRLJ8H458uRjg03k=
modernc.org/strutil v1.0.0/go.mod h1:lstksw84oURvj9y3tn8lGvRxyRC1S2+g5uuIzNfIOBs=
modernc.org/xc v1.0.0/go.mod h1:mRNCo0bvLjGhHO9WsyuKVU4q0ceiDDDoEeWDJHrNx8I=
mvdan.cc/xurls v1.1.0 h1:kj0j2lonKseISJCiq1Tfk+iTv65dDGCl0rTbanXJGGc=
mvdan.cc/xurls v1.1.0/go.mod h1:TNWuhvo+IqbUCmtUIb/3LJSQdrzel8loVpgFm0HikbI=
